// !$*UTF8*$!
{
	archiveVersion = 1;
	classes = {
	};
	objectVersion = 56;
	objects = {

/* Begin PBXBuildFile section */
		4D7466E229BF23FA00A51946 /* SocialApp.swift in Sources */ = {isa = PBXBuildFile; fileRef = 4D7466E129BF23FA00A51946 /* SocialApp.swift */; };
		4D7466E429BF23FA00A51946 /* LoginView.swift in Sources */ = {isa = PBXBuildFile; fileRef = 4D7466E329BF23FA00A51946 /* LoginView.swift */; };
		4D7466E629BF23FB00A51946 /* Assets.xcassets in Resources */ = {isa = PBXBuildFile; fileRef = 4D7466E529BF23FB00A51946 /* Assets.xcassets */; };
		4D7466E929BF23FB00A51946 /* Preview Assets.xcassets in Resources */ = {isa = PBXBuildFile; fileRef = 4D7466E829BF23FB00A51946 /* Preview Assets.xcassets */; };
		4D7466F729BF26E900A51946 /* LoginInformationView.swift in Sources */ = {isa = PBXBuildFile; fileRef = 4D7466F629BF26E900A51946 /* LoginInformationView.swift */; };
		4D7466FB29BF279D00A51946 /* Colors.swift in Sources */ = {isa = PBXBuildFile; fileRef = 4D7466FA29BF279D00A51946 /* Colors.swift */; };
		4DBE633C29BFAACB00A354A4 /* UsernameTextField.swift in Sources */ = {isa = PBXBuildFile; fileRef = 4DBE633B29BFAACB00A354A4 /* UsernameTextField.swift */; };
		4DBE634129BFAB2400A354A4 /* PasswordTextField.swift in Sources */ = {isa = PBXBuildFile; fileRef = 4DBE634029BFAB2400A354A4 /* PasswordTextField.swift */; };
		4DBE634429BFB21F00A354A4 /* MainButtons.swift in Sources */ = {isa = PBXBuildFile; fileRef = 4DBE634329BFB21F00A354A4 /* MainButtons.swift */; };
		4DBE634729BFBCF900A354A4 /* LoginViewModel.swift in Sources */ = {isa = PBXBuildFile; fileRef = 4DBE634629BFBCF900A354A4 /* LoginViewModel.swift */; };
		4DBE634C29BFC9F000A354A4 /* PostItemView.swift in Sources */ = {isa = PBXBuildFile; fileRef = 4DBE634B29BFC9F000A354A4 /* PostItemView.swift */; };
		4DBE634F29BFCE3B00A354A4 /* Alert.swift in Sources */ = {isa = PBXBuildFile; fileRef = 4DBE634E29BFCE3B00A354A4 /* Alert.swift */; };
		4DBE635A29BFD58800A354A4 /* LoginCoordinator.swift in Sources */ = {isa = PBXBuildFile; fileRef = 4DBE635929BFD58800A354A4 /* LoginCoordinator.swift */; };
		4DBE636029BFE1B500A354A4 /* NetworkClient.swift in Sources */ = {isa = PBXBuildFile; fileRef = 4DBE635D29BFE1B500A354A4 /* NetworkClient.swift */; };
		4DBE636129BFE1B500A354A4 /* NetworkUtils.swift in Sources */ = {isa = PBXBuildFile; fileRef = 4DBE635E29BFE1B500A354A4 /* NetworkUtils.swift */; };
		4DBE636229BFE1B500A354A4 /* NetworkProvider.swift in Sources */ = {isa = PBXBuildFile; fileRef = 4DBE635F29BFE1B500A354A4 /* NetworkProvider.swift */; };
/* End PBXBuildFile section */

/* Begin PBXFileReference section */
		4D7466DE29BF23FA00A51946 /* Social.app */ = {isa = PBXFileReference; explicitFileType = wrapper.application; includeInIndex = 0; path = Social.app; sourceTree = BUILT_PRODUCTS_DIR; };
		4D7466E129BF23FA00A51946 /* SocialApp.swift */ = {isa = PBXFileReference; lastKnownFileType = sourcecode.swift; path = SocialApp.swift; sourceTree = "<group>"; };
		4D7466E329BF23FA00A51946 /* LoginView.swift */ = {isa = PBXFileReference; lastKnownFileType = sourcecode.swift; path = LoginView.swift; sourceTree = "<group>"; };
		4D7466E529BF23FB00A51946 /* Assets.xcassets */ = {isa = PBXFileReference; lastKnownFileType = folder.assetcatalog; path = Assets.xcassets; sourceTree = "<group>"; };
		4D7466E829BF23FB00A51946 /* Preview Assets.xcassets */ = {isa = PBXFileReference; lastKnownFileType = folder.assetcatalog; path = "Preview Assets.xcassets"; sourceTree = "<group>"; };
		4D7466F629BF26E900A51946 /* LoginInformationView.swift */ = {isa = PBXFileReference; lastKnownFileType = sourcecode.swift; path = LoginInformationView.swift; sourceTree = "<group>"; };
		4D7466FA29BF279D00A51946 /* Colors.swift */ = {isa = PBXFileReference; fileEncoding = 4; lastKnownFileType = sourcecode.swift; path = Colors.swift; sourceTree = "<group>"; };
		4DBE633B29BFAACB00A354A4 /* UsernameTextField.swift */ = {isa = PBXFileReference; lastKnownFileType = sourcecode.swift; path = UsernameTextField.swift; sourceTree = "<group>"; };
		4DBE634029BFAB2400A354A4 /* PasswordTextField.swift */ = {isa = PBXFileReference; lastKnownFileType = sourcecode.swift; path = PasswordTextField.swift; sourceTree = "<group>"; };
		4DBE634329BFB21F00A354A4 /* MainButtons.swift */ = {isa = PBXFileReference; lastKnownFileType = sourcecode.swift; path = MainButtons.swift; sourceTree = "<group>"; };
		4DBE634629BFBCF900A354A4 /* LoginViewModel.swift */ = {isa = PBXFileReference; lastKnownFileType = sourcecode.swift; path = LoginViewModel.swift; sourceTree = "<group>"; };
		4DBE634B29BFC9F000A354A4 /* PostItemView.swift */ = {isa = PBXFileReference; lastKnownFileType = sourcecode.swift; path = PostItemView.swift; sourceTree = "<group>"; };
		4DBE634E29BFCE3B00A354A4 /* Alert.swift */ = {isa = PBXFileReference; lastKnownFileType = sourcecode.swift; path = Alert.swift; sourceTree = "<group>"; };
		4DBE635929BFD58800A354A4 /* LoginCoordinator.swift */ = {isa = PBXFileReference; lastKnownFileType = sourcecode.swift; path = LoginCoordinator.swift; sourceTree = "<group>"; };
		4DBE635D29BFE1B500A354A4 /* NetworkClient.swift */ = {isa = PBXFileReference; fileEncoding = 4; lastKnownFileType = sourcecode.swift; path = NetworkClient.swift; sourceTree = "<group>"; };
		4DBE635E29BFE1B500A354A4 /* NetworkUtils.swift */ = {isa = PBXFileReference; fileEncoding = 4; lastKnownFileType = sourcecode.swift; path = NetworkUtils.swift; sourceTree = "<group>"; };
		4DBE635F29BFE1B500A354A4 /* NetworkProvider.swift */ = {isa = PBXFileReference; fileEncoding = 4; lastKnownFileType = sourcecode.swift; path = NetworkProvider.swift; sourceTree = "<group>"; };
/* End PBXFileReference section */

/* Begin PBXFrameworksBuildPhase section */
		4D7466DB29BF23FA00A51946 /* Frameworks */ = {
			isa = PBXFrameworksBuildPhase;
			buildActionMask = 2147483647;
			files = (
			);
			runOnlyForDeploymentPostprocessing = 0;
		};
/* End PBXFrameworksBuildPhase section */

/* Begin PBXGroup section */
		4D7466D529BF23FA00A51946 = {
			isa = PBXGroup;
			children = (
				4D7466E029BF23FA00A51946 /* Social */,
				4D7466DF29BF23FA00A51946 /* Products */,
			);
			sourceTree = "<group>";
		};
		4D7466DF29BF23FA00A51946 /* Products */ = {
			isa = PBXGroup;
			children = (
				4D7466DE29BF23FA00A51946 /* Social.app */,
			);
			name = Products;
			sourceTree = "<group>";
		};
		4D7466E029BF23FA00A51946 /* Social */ = {
			isa = PBXGroup;
			children = (
				4D7466E129BF23FA00A51946 /* SocialApp.swift */,
				4DBE635629BFD1D500A354A4 /* Coordinator */,
				4DBE633D29BFAAEC00A354A4 /* ReusableViews */,
				4D7466F929BF278A00A51946 /* Theme */,
				4D7466EF29BF264900A51946 /* Modules */,
				4DBE634D29BFCE2900A354A4 /* Extensions */,
				4DBE635B29BFE1B500A354A4 /* Networking */,
				4D7466E529BF23FB00A51946 /* Assets.xcassets */,
				4D7466E729BF23FB00A51946 /* Preview Content */,
			);
			path = Social;
			sourceTree = "<group>";
		};
		4D7466E729BF23FB00A51946 /* Preview Content */ = {
			isa = PBXGroup;
			children = (
				4D7466E829BF23FB00A51946 /* Preview Assets.xcassets */,
			);
			path = "Preview Content";
			sourceTree = "<group>";
		};
		4D7466EF29BF264900A51946 /* Modules */ = {
			isa = PBXGroup;
			children = (
				4D7466F029BF26BD00A51946 /* Login */,
				4DBE634829BFC8EB00A354A4 /* Home */,
			);
			path = Modules;
			sourceTree = "<group>";
		};
		4D7466F029BF26BD00A51946 /* Login */ = {
			isa = PBXGroup;
			children = (
				4D7466F129BF26C400A51946 /* Views */,
				4DBE634629BFBCF900A354A4 /* LoginViewModel.swift */,
				4D7466E329BF23FA00A51946 /* LoginView.swift */,
				4DBE635929BFD58800A354A4 /* LoginCoordinator.swift */,
			);
			path = Login;
			sourceTree = "<group>";
		};
		4D7466F129BF26C400A51946 /* Views */ = {
			isa = PBXGroup;
			children = (
				4D7466F629BF26E900A51946 /* LoginInformationView.swift */,
			);
			path = Views;
			sourceTree = "<group>";
		};
		4D7466F929BF278A00A51946 /* Theme */ = {
			isa = PBXGroup;
			children = (
				4D7466FA29BF279D00A51946 /* Colors.swift */,
			);
			path = Theme;
			sourceTree = "<group>";
		};
		4DBE633D29BFAAEC00A354A4 /* ReusableViews */ = {
			isa = PBXGroup;
			children = (
				4DBE635029BFCE5400A354A4 /* Alert */,
				4DBE634229BFB21000A354A4 /* Buttons */,
				4DBE633E29BFAAF400A354A4 /* TextFaild */,
			);
			path = ReusableViews;
			sourceTree = "<group>";
		};
		4DBE633E29BFAAF400A354A4 /* TextFaild */ = {
			isa = PBXGroup;
			children = (
				4DBE633B29BFAACB00A354A4 /* UsernameTextField.swift */,
				4DBE634029BFAB2400A354A4 /* PasswordTextField.swift */,
			);
			path = TextFaild;
			sourceTree = "<group>";
		};
		4DBE634229BFB21000A354A4 /* Buttons */ = {
			isa = PBXGroup;
			children = (
				4DBE634329BFB21F00A354A4 /* MainButtons.swift */,
			);
			path = Buttons;
			sourceTree = "<group>";
		};
		4DBE634829BFC8EB00A354A4 /* Home */ = {
			isa = PBXGroup;
			children = (
				4DBE634929BFC90A00A354A4 /* Views */,
			);
			path = Home;
			sourceTree = "<group>";
		};
		4DBE634929BFC90A00A354A4 /* Views */ = {
			isa = PBXGroup;
			children = (
				4DBE634A29BFC9DB00A354A4 /* PostItemView */,
			);
			path = Views;
			sourceTree = "<group>";
		};
		4DBE634A29BFC9DB00A354A4 /* PostItemView */ = {
			isa = PBXGroup;
			children = (
				4DBE634B29BFC9F000A354A4 /* PostItemView.swift */,
			);
			path = PostItemView;
			sourceTree = "<group>";
		};
		4DBE634D29BFCE2900A354A4 /* Extensions */ = {
			isa = PBXGroup;
			children = (
			);
			path = Extensions;
			sourceTree = "<group>";
		};
		4DBE635029BFCE5400A354A4 /* Alert */ = {
			isa = PBXGroup;
			children = (
				4DBE634E29BFCE3B00A354A4 /* Alert.swift */,
			);
			path = Alert;
			sourceTree = "<group>";
		};
		4DBE635629BFD1D500A354A4 /* Coordinator */ = {
			isa = PBXGroup;
			children = (
			);
			path = Coordinator;
			sourceTree = "<group>";
		};
		4DBE635B29BFE1B500A354A4 /* Networking */ = {
			isa = PBXGroup;
			children = (
				4DBE635C29BFE1B500A354A4 /* NetworkProvider */,
			);
			path = Networking;
			sourceTree = "<group>";
		};
		4DBE635C29BFE1B500A354A4 /* NetworkProvider */ = {
			isa = PBXGroup;
			children = (
				4DBE635D29BFE1B500A354A4 /* NetworkClient.swift */,
				4DBE635E29BFE1B500A354A4 /* NetworkUtils.swift */,
				4DBE635F29BFE1B500A354A4 /* NetworkProvider.swift */,
			);
			path = NetworkProvider;
			sourceTree = "<group>";
		};
/* End PBXGroup section */

/* Begin PBXNativeTarget section */
		4D7466DD29BF23FA00A51946 /* Social */ = {
			isa = PBXNativeTarget;
			buildConfigurationList = 4D7466EC29BF23FB00A51946 /* Build configuration list for PBXNativeTarget "Social" */;
			buildPhases = (
				4D7466DA29BF23FA00A51946 /* Sources */,
				4D7466DB29BF23FA00A51946 /* Frameworks */,
				4D7466DC29BF23FA00A51946 /* Resources */,
			);
			buildRules = (
			);
			dependencies = (
			);
			name = Social;
			productName = Social;
			productReference = 4D7466DE29BF23FA00A51946 /* Social.app */;
			productType = "com.apple.product-type.application";
		};
/* End PBXNativeTarget section */

/* Begin PBXProject section */
		4D7466D629BF23FA00A51946 /* Project object */ = {
			isa = PBXProject;
			attributes = {
				BuildIndependentTargetsInParallel = 1;
				LastSwiftUpdateCheck = 1420;
				LastUpgradeCheck = 1420;
				TargetAttributes = {
					4D7466DD29BF23FA00A51946 = {
						CreatedOnToolsVersion = 14.2;
					};
				};
			};
			buildConfigurationList = 4D7466D929BF23FA00A51946 /* Build configuration list for PBXProject "Social" */;
			compatibilityVersion = "Xcode 14.0";
			developmentRegion = en;
			hasScannedForEncodings = 0;
			knownRegions = (
				en,
				Base,
			);
			mainGroup = 4D7466D529BF23FA00A51946;
			productRefGroup = 4D7466DF29BF23FA00A51946 /* Products */;
			projectDirPath = "";
			projectRoot = "";
			targets = (
				4D7466DD29BF23FA00A51946 /* Social */,
			);
		};
/* End PBXProject section */

/* Begin PBXResourcesBuildPhase section */
		4D7466DC29BF23FA00A51946 /* Resources */ = {
			isa = PBXResourcesBuildPhase;
			buildActionMask = 2147483647;
			files = (
				4D7466E929BF23FB00A51946 /* Preview Assets.xcassets in Resources */,
				4D7466E629BF23FB00A51946 /* Assets.xcassets in Resources */,
			);
			runOnlyForDeploymentPostprocessing = 0;
		};
/* End PBXResourcesBuildPhase section */

/* Begin PBXSourcesBuildPhase section */
		4D7466DA29BF23FA00A51946 /* Sources */ = {
			isa = PBXSourcesBuildPhase;
			buildActionMask = 2147483647;
			files = (
				4DBE633C29BFAACB00A354A4 /* UsernameTextField.swift in Sources */,
				4DBE635A29BFD58800A354A4 /* LoginCoordinator.swift in Sources */,
				4DBE634129BFAB2400A354A4 /* PasswordTextField.swift in Sources */,
				4D7466E429BF23FA00A51946 /* LoginView.swift in Sources */,
				4DBE634429BFB21F00A354A4 /* MainButtons.swift in Sources */,
				4DBE634729BFBCF900A354A4 /* LoginViewModel.swift in Sources */,
				4DBE634F29BFCE3B00A354A4 /* Alert.swift in Sources */,
				4DBE636229BFE1B500A354A4 /* NetworkProvider.swift in Sources */,
				4D7466FB29BF279D00A51946 /* Colors.swift in Sources */,
				4D7466F729BF26E900A51946 /* LoginInformationView.swift in Sources */,
				4DBE636129BFE1B500A354A4 /* NetworkUtils.swift in Sources */,
				4DBE634C29BFC9F000A354A4 /* PostItemView.swift in Sources */,
				4D7466E229BF23FA00A51946 /* SocialApp.swift in Sources */,
				4DBE636029BFE1B500A354A4 /* NetworkClient.swift in Sources */,
			);
			runOnlyForDeploymentPostprocessing = 0;
		};
/* End PBXSourcesBuildPhase section */

/* Begin XCBuildConfiguration section */
		4D7466EA29BF23FB00A51946 /* Debug */ = {
			isa = XCBuildConfiguration;
			buildSettings = {
				ALWAYS_SEARCH_USER_PATHS = NO;
				CLANG_ANALYZER_NONNULL = YES;
				CLANG_ANALYZER_NUMBER_OBJECT_CONVERSION = YES_AGGRESSIVE;
				CLANG_CXX_LANGUAGE_STANDARD = "gnu++20";
				CLANG_ENABLE_MODULES = YES;
				CLANG_ENABLE_OBJC_ARC = YES;
				CLANG_ENABLE_OBJC_WEAK = YES;
				CLANG_WARN_BLOCK_CAPTURE_AUTORELEASING = YES;
				CLANG_WARN_BOOL_CONVERSION = YES;
				CLANG_WARN_COMMA = YES;
				CLANG_WARN_CONSTANT_CONVERSION = YES;
				CLANG_WARN_DEPRECATED_OBJC_IMPLEMENTATIONS = YES;
				CLANG_WARN_DIRECT_OBJC_ISA_USAGE = YES_ERROR;
				CLANG_WARN_DOCUMENTATION_COMMENTS = YES;
				CLANG_WARN_EMPTY_BODY = YES;
				CLANG_WARN_ENUM_CONVERSION = YES;
				CLANG_WARN_INFINITE_RECURSION = YES;
				CLANG_WARN_INT_CONVERSION = YES;
				CLANG_WARN_NON_LITERAL_NULL_CONVERSION = YES;
				CLANG_WARN_OBJC_IMPLICIT_RETAIN_SELF = YES;
				CLANG_WARN_OBJC_LITERAL_CONVERSION = YES;
				CLANG_WARN_OBJC_ROOT_CLASS = YES_ERROR;
				CLANG_WARN_QUOTED_INCLUDE_IN_FRAMEWORK_HEADER = YES;
				CLANG_WARN_RANGE_LOOP_ANALYSIS = YES;
				CLANG_WARN_STRICT_PROTOTYPES = YES;
				CLANG_WARN_SUSPICIOUS_MOVE = YES;
				CLANG_WARN_UNGUARDED_AVAILABILITY = YES_AGGRESSIVE;
				CLANG_WARN_UNREACHABLE_CODE = YES;
				CLANG_WARN__DUPLICATE_METHOD_MATCH = YES;
				COPY_PHASE_STRIP = NO;
				DEBUG_INFORMATION_FORMAT = dwarf;
				ENABLE_STRICT_OBJC_MSGSEND = YES;
				ENABLE_TESTABILITY = YES;
				GCC_C_LANGUAGE_STANDARD = gnu11;
				GCC_DYNAMIC_NO_PIC = NO;
				GCC_NO_COMMON_BLOCKS = YES;
				GCC_OPTIMIZATION_LEVEL = 0;
				GCC_PREPROCESSOR_DEFINITIONS = (
					"DEBUG=1",
					"$(inherited)",
				);
				GCC_WARN_64_TO_32_BIT_CONVERSION = YES;
				GCC_WARN_ABOUT_RETURN_TYPE = YES_ERROR;
				GCC_WARN_UNDECLARED_SELECTOR = YES;
				GCC_WARN_UNINITIALIZED_AUTOS = YES_AGGRESSIVE;
				GCC_WARN_UNUSED_FUNCTION = YES;
				GCC_WARN_UNUSED_VARIABLE = YES;
				IPHONEOS_DEPLOYMENT_TARGET = 16.2;
				MTL_ENABLE_DEBUG_INFO = INCLUDE_SOURCE;
				MTL_FAST_MATH = YES;
				ONLY_ACTIVE_ARCH = YES;
				SDKROOT = iphoneos;
				SWIFT_ACTIVE_COMPILATION_CONDITIONS = DEBUG;
				SWIFT_OPTIMIZATION_LEVEL = "-Onone";
			};
			name = Debug;
		};
		4D7466EB29BF23FB00A51946 /* Release */ = {
			isa = XCBuildConfiguration;
			buildSettings = {
				ALWAYS_SEARCH_USER_PATHS = NO;
				CLANG_ANALYZER_NONNULL = YES;
				CLANG_ANALYZER_NUMBER_OBJECT_CONVERSION = YES_AGGRESSIVE;
				CLANG_CXX_LANGUAGE_STANDARD = "gnu++20";
				CLANG_ENABLE_MODULES = YES;
				CLANG_ENABLE_OBJC_ARC = YES;
				CLANG_ENABLE_OBJC_WEAK = YES;
				CLANG_WARN_BLOCK_CAPTURE_AUTORELEASING = YES;
				CLANG_WARN_BOOL_CONVERSION = YES;
				CLANG_WARN_COMMA = YES;
				CLANG_WARN_CONSTANT_CONVERSION = YES;
				CLANG_WARN_DEPRECATED_OBJC_IMPLEMENTATIONS = YES;
				CLANG_WARN_DIRECT_OBJC_ISA_USAGE = YES_ERROR;
				CLANG_WARN_DOCUMENTATION_COMMENTS = YES;
				CLANG_WARN_EMPTY_BODY = YES;
				CLANG_WARN_ENUM_CONVERSION = YES;
				CLANG_WARN_INFINITE_RECURSION = YES;
				CLANG_WARN_INT_CONVERSION = YES;
				CLANG_WARN_NON_LITERAL_NULL_CONVERSION = YES;
				CLANG_WARN_OBJC_IMPLICIT_RETAIN_SELF = YES;
				CLANG_WARN_OBJC_LITERAL_CONVERSION = YES;
				CLANG_WARN_OBJC_ROOT_CLASS = YES_ERROR;
				CLANG_WARN_QUOTED_INCLUDE_IN_FRAMEWORK_HEADER = YES;
				CLANG_WARN_RANGE_LOOP_ANALYSIS = YES;
				CLANG_WARN_STRICT_PROTOTYPES = YES;
				CLANG_WARN_SUSPICIOUS_MOVE = YES;
				CLANG_WARN_UNGUARDED_AVAILABILITY = YES_AGGRESSIVE;
				CLANG_WARN_UNREACHABLE_CODE = YES;
				CLANG_WARN__DUPLICATE_METHOD_MATCH = YES;
				COPY_PHASE_STRIP = NO;
				DEBUG_INFORMATION_FORMAT = "dwarf-with-dsym";
				ENABLE_NS_ASSERTIONS = NO;
				ENABLE_STRICT_OBJC_MSGSEND = YES;
				GCC_C_LANGUAGE_STANDARD = gnu11;
				GCC_NO_COMMON_BLOCKS = YES;
				GCC_WARN_64_TO_32_BIT_CONVERSION = YES;
				GCC_WARN_ABOUT_RETURN_TYPE = YES_ERROR;
				GCC_WARN_UNDECLARED_SELECTOR = YES;
				GCC_WARN_UNINITIALIZED_AUTOS = YES_AGGRESSIVE;
				GCC_WARN_UNUSED_FUNCTION = YES;
				GCC_WARN_UNUSED_VARIABLE = YES;
				IPHONEOS_DEPLOYMENT_TARGET = 16.2;
				MTL_ENABLE_DEBUG_INFO = NO;
				MTL_FAST_MATH = YES;
				SDKROOT = iphoneos;
				SWIFT_COMPILATION_MODE = wholemodule;
				SWIFT_OPTIMIZATION_LEVEL = "-O";
				VALIDATE_PRODUCT = YES;
			};
			name = Release;
		};
		4D7466ED29BF23FB00A51946 /* Debug */ = {
			isa = XCBuildConfiguration;
			buildSettings = {
				ASSETCATALOG_COMPILER_APPICON_NAME = AppIcon;
				ASSETCATALOG_COMPILER_GLOBAL_ACCENT_COLOR_NAME = AccentColor;
				CODE_SIGN_STYLE = Automatic;
				CURRENT_PROJECT_VERSION = 1;
				DEVELOPMENT_ASSET_PATHS = "\"Social/Preview Content\"";
				DEVELOPMENT_TEAM = JUV326K7BG;
				ENABLE_PREVIEWS = YES;
				GENERATE_INFOPLIST_FILE = YES;
				INFOPLIST_KEY_UIApplicationSceneManifest_Generation = YES;
				INFOPLIST_KEY_UIApplicationSupportsIndirectInputEvents = YES;
				INFOPLIST_KEY_UILaunchScreen_Generation = YES;
				INFOPLIST_KEY_UISupportedInterfaceOrientations = UIInterfaceOrientationPortrait;
				IPHONEOS_DEPLOYMENT_TARGET = 15.0;
				LD_RUNPATH_SEARCH_PATHS = (
					"$(inherited)",
					"@executable_path/Frameworks",
				);
				MARKETING_VERSION = 1.0;
				PRODUCT_BUNDLE_IDENTIFIER = "Abdullah-Tarek.Social";
				PRODUCT_NAME = "$(TARGET_NAME)";
				SWIFT_EMIT_LOC_STRINGS = YES;
				SWIFT_VERSION = 5.0;
				TARGETED_DEVICE_FAMILY = "1,2";
			};
			name = Debug;
		};
		4D7466EE29BF23FB00A51946 /* Release */ = {
			isa = XCBuildConfiguration;
			buildSettings = {
				ASSETCATALOG_COMPILER_APPICON_NAME = AppIcon;
				ASSETCATALOG_COMPILER_GLOBAL_ACCENT_COLOR_NAME = AccentColor;
				CODE_SIGN_STYLE = Automatic;
				CURRENT_PROJECT_VERSION = 1;
				DEVELOPMENT_ASSET_PATHS = "\"Social/Preview Content\"";
				DEVELOPMENT_TEAM = JUV326K7BG;
				ENABLE_PREVIEWS = YES;
				GENERATE_INFOPLIST_FILE = YES;
				INFOPLIST_KEY_UIApplicationSceneManifest_Generation = YES;
				INFOPLIST_KEY_UIApplicationSupportsIndirectInputEvents = YES;
				INFOPLIST_KEY_UILaunchScreen_Generation = YES;
				INFOPLIST_KEY_UISupportedInterfaceOrientations = UIInterfaceOrientationPortrait;
				IPHONEOS_DEPLOYMENT_TARGET = 15.0;
				LD_RUNPATH_SEARCH_PATHS = (
					"$(inherited)",
					"@executable_path/Frameworks",
				);
				MARKETING_VERSION = 1.0;
				PRODUCT_BUNDLE_IDENTIFIER = "Abdullah-Tarek.Social";
				PRODUCT_NAME = "$(TARGET_NAME)";
				SWIFT_EMIT_LOC_STRINGS = YES;
				SWIFT_VERSION = 5.0;
				TARGETED_DEVICE_FAMILY = "1,2";
			};
			name = Release;
		};
/* End XCBuildConfiguration section */

/* Begin XCConfigurationList section */
		4D7466D929BF23FA00A51946 /* Build configuration list for PBXProject "Social" */ = {
			isa = XCConfigurationList;
			buildConfigurations = (
				4D7466EA29BF23FB00A51946 /* Debug */,
				4D7466EB29BF23FB00A51946 /* Release */,
			);
			defaultConfigurationIsVisible = 0;
			defaultConfigurationName = Release;
		};
		4D7466EC29BF23FB00A51946 /* Build configuration list for PBXNativeTarget "Social" */ = {
			isa = XCConfigurationList;
			buildConfigurations = (
				4D7466ED29BF23FB00A51946 /* Debug */,
				4D7466EE29BF23FB00A51946 /* Release */,
			);
			defaultConfigurationIsVisible = 0;
			defaultConfigurationName = Release;
		};
/* End XCConfigurationList section */
	};
	rootObject = 4D7466D629BF23FA00A51946 /* Project object */;
}
