// !$*UTF8*$!
{
	archiveVersion = 1;
	classes = {
	};
	objectVersion = 56;
	objects = {

/* Begin PBXBuildFile section */
		4D7466E229BF23FA00A51946 /* SocialApp.swift in Sources */ = {isa = PBXBuildFile; fileRef = 4D7466E129BF23FA00A51946 /* SocialApp.swift */; };
		4D7466E429BF23FA00A51946 /* LoginView.swift in Sources */ = {isa = PBXBuildFile; fileRef = 4D7466E329BF23FA00A51946 /* LoginView.swift */; };
		4D7466E629BF23FB00A51946 /* Assets.xcassets in Resources */ = {isa = PBXBuildFile; fileRef = 4D7466E529BF23FB00A51946 /* Assets.xcassets */; };
		4D7466E929BF23FB00A51946 /* Preview Assets.xcassets in Resources */ = {isa = PBXBuildFile; fileRef = 4D7466E829BF23FB00A51946 /* Preview Assets.xcassets */; };
		4D7466F729BF26E900A51946 /* LoginInformationView.swift in Sources */ = {isa = PBXBuildFile; fileRef = 4D7466F629BF26E900A51946 /* LoginInformationView.swift */; };
		4D7466FB29BF279D00A51946 /* Colors.swift in Sources */ = {isa = PBXBuildFile; fileRef = 4D7466FA29BF279D00A51946 /* Colors.swift */; };
		4D9F85C929C1505F00EEA713 /* TabbarView.swift in Sources */ = {isa = PBXBuildFile; fileRef = 4D9F85C829C1505F00EEA713 /* TabbarView.swift */; };
		4D9F85CC29C1B6C300EEA713 /* LoadingView.swift in Sources */ = {isa = PBXBuildFile; fileRef = 4D9F85CB29C1B6C300EEA713 /* LoadingView.swift */; };
		4DAEA0AF29C107D700264BBF /* PostImagesView.swift in Sources */ = {isa = PBXBuildFile; fileRef = 4DAEA0AE29C107D700264BBF /* PostImagesView.swift */; };
		4DAEA0B129C1083600264BBF /* PostCellView.swift in Sources */ = {isa = PBXBuildFile; fileRef = 4DAEA0B029C1083600264BBF /* PostCellView.swift */; };
		4DAEA0B429C10AD000264BBF /* PostsModel.swift in Sources */ = {isa = PBXBuildFile; fileRef = 4DAEA0B329C10AD000264BBF /* PostsModel.swift */; };
		4DAEA0BA29C12A5900264BBF /* PostsCoordinator.swift in Sources */ = {isa = PBXBuildFile; fileRef = 4DAEA0B929C12A5900264BBF /* PostsCoordinator.swift */; };
		4DAEA0BC29C12A9400264BBF /* PostsViewModel.swift in Sources */ = {isa = PBXBuildFile; fileRef = 4DAEA0BB29C12A9400264BBF /* PostsViewModel.swift */; };
		4DAEA0BF29C13BE700264BBF /* TopNavigationView.swift in Sources */ = {isa = PBXBuildFile; fileRef = 4DAEA0BE29C13BE700264BBF /* TopNavigationView.swift */; };
		4DAEA0C129C1408300264BBF /* SearchTextField.swift in Sources */ = {isa = PBXBuildFile; fileRef = 4DAEA0C029C1408300264BBF /* SearchTextField.swift */; };
		4DBE633C29BFAACB00A354A4 /* UsernameTextField.swift in Sources */ = {isa = PBXBuildFile; fileRef = 4DBE633B29BFAACB00A354A4 /* UsernameTextField.swift */; };
		4DBE634129BFAB2400A354A4 /* PasswordTextField.swift in Sources */ = {isa = PBXBuildFile; fileRef = 4DBE634029BFAB2400A354A4 /* PasswordTextField.swift */; };
		4DBE634429BFB21F00A354A4 /* MainButtons.swift in Sources */ = {isa = PBXBuildFile; fileRef = 4DBE634329BFB21F00A354A4 /* MainButtons.swift */; };
		4DBE634729BFBCF900A354A4 /* LoginViewModel.swift in Sources */ = {isa = PBXBuildFile; fileRef = 4DBE634629BFBCF900A354A4 /* LoginViewModel.swift */; };
		4DBE634C29BFC9F000A354A4 /* PostUserInformationView.swift in Sources */ = {isa = PBXBuildFile; fileRef = 4DBE634B29BFC9F000A354A4 /* PostUserInformationView.swift */; };
		4DBE634F29BFCE3B00A354A4 /* Alert.swift in Sources */ = {isa = PBXBuildFile; fileRef = 4DBE634E29BFCE3B00A354A4 /* Alert.swift */; };
		4DBE635A29BFD58800A354A4 /* LoginCoordinator.swift in Sources */ = {isa = PBXBuildFile; fileRef = 4DBE635929BFD58800A354A4 /* LoginCoordinator.swift */; };
		4DBE636A29BFE6BA00A354A4 /* UserModel.swift in Sources */ = {isa = PBXBuildFile; fileRef = 4DBE636929BFE6BA00A354A4 /* UserModel.swift */; };
		4DBE637429C0634200A354A4 /* Publisher+Utils.swift in Sources */ = {isa = PBXBuildFile; fileRef = 4DBE637329C0634200A354A4 /* Publisher+Utils.swift */; };
		4DBE63B029C06DD300A354A4 /* PlenyRouter.swift in Sources */ = {isa = PBXBuildFile; fileRef = 4DBE63AE29C06DD300A354A4 /* PlenyRouter.swift */; };
		4DBE63B129C06DD300A354A4 /* Route.swift in Sources */ = {isa = PBXBuildFile; fileRef = 4DBE63AF29C06DD300A354A4 /* Route.swift */; };
		4DBE63B429C06EF300A354A4 /* PlenyParameterKeys.swift in Sources */ = {isa = PBXBuildFile; fileRef = 4DBE63B229C06EF300A354A4 /* PlenyParameterKeys.swift */; };
		4DBE63B529C06EF300A354A4 /* PlenyServerPath.swift in Sources */ = {isa = PBXBuildFile; fileRef = 4DBE63B329C06EF300A354A4 /* PlenyServerPath.swift */; };
		4DE7067E29C3AA96004CD2FD /* Global Models.swift in Sources */ = {isa = PBXBuildFile; fileRef = 4DE7067D29C3AA96004CD2FD /* Global Models.swift */; };
		4DE7068429C3AAAA004CD2FD /* Data+String.swift in Sources */ = {isa = PBXBuildFile; fileRef = 4DE7068029C3AAAA004CD2FD /* Data+String.swift */; };
		4DE7068529C3AAAA004CD2FD /* MimeType.swift in Sources */ = {isa = PBXBuildFile; fileRef = 4DE7068129C3AAAA004CD2FD /* MimeType.swift */; };
		4DE7068629C3AAAA004CD2FD /* NSMutableData+String.swift in Sources */ = {isa = PBXBuildFile; fileRef = 4DE7068229C3AAAA004CD2FD /* NSMutableData+String.swift */; };
		4DE7068729C3AAAA004CD2FD /* DataField.swift in Sources */ = {isa = PBXBuildFile; fileRef = 4DE7068329C3AAAA004CD2FD /* DataField.swift */; };
		4DE7068A29C3AABA004CD2FD /* Parameters.swift in Sources */ = {isa = PBXBuildFile; fileRef = 4DE7068929C3AABA004CD2FD /* Parameters.swift */; };
		4DE7068E29C3AAE0004CD2FD /* ResponseCompletion.swift in Sources */ = {isa = PBXBuildFile; fileRef = 4DE7068D29C3AAE0004CD2FD /* ResponseCompletion.swift */; };
		4DE7069129C3AAED004CD2FD /* Service.swift in Sources */ = {isa = PBXBuildFile; fileRef = 4DE7069029C3AAED004CD2FD /* Service.swift */; };
		4DE7069529C3AB11004CD2FD /* ResponseHandlerError.swift in Sources */ = {isa = PBXBuildFile; fileRef = 4DE7069429C3AB11004CD2FD /* ResponseHandlerError.swift */; };
		4DE7069829C3AB21004CD2FD /* ResponseHandler.swift in Sources */ = {isa = PBXBuildFile; fileRef = 4DE7069729C3AB21004CD2FD /* ResponseHandler.swift */; };
		4DE7069D29C3AB51004CD2FD /* ServerHTTPResponseError.swift in Sources */ = {isa = PBXBuildFile; fileRef = 4DE7069B29C3AB51004CD2FD /* ServerHTTPResponseError.swift */; };
		4DE7069E29C3AB51004CD2FD /* ClientHTTPResponseError.swift in Sources */ = {isa = PBXBuildFile; fileRef = 4DE7069C29C3AB51004CD2FD /* ClientHTTPResponseError.swift */; };
		4DE706A029C3AB5C004CD2FD /* URLResponseHandler.swift in Sources */ = {isa = PBXBuildFile; fileRef = 4DE7069F29C3AB5C004CD2FD /* URLResponseHandler.swift */; };
		4DE706A929C3ABAD004CD2FD /* URLRequest+Authorization.swift in Sources */ = {isa = PBXBuildFile; fileRef = 4DE706A329C3ABAD004CD2FD /* URLRequest+Authorization.swift */; };
		4DE706AA29C3ABAD004CD2FD /* URLRequest+HTTPMethod.swift in Sources */ = {isa = PBXBuildFile; fileRef = 4DE706A429C3ABAD004CD2FD /* URLRequest+HTTPMethod.swift */; };
		4DE706AB29C3ABAD004CD2FD /* URLRequest+Query.swift in Sources */ = {isa = PBXBuildFile; fileRef = 4DE706A529C3ABAD004CD2FD /* URLRequest+Query.swift */; };
		4DE706AC29C3ABAD004CD2FD /* URLRequest+ContentType.swift in Sources */ = {isa = PBXBuildFile; fileRef = 4DE706A629C3ABAD004CD2FD /* URLRequest+ContentType.swift */; };
		4DE706AD29C3ABAD004CD2FD /* URLRequest+Body.swift in Sources */ = {isa = PBXBuildFile; fileRef = 4DE706A729C3ABAD004CD2FD /* URLRequest+Body.swift */; };
		4DE706AE29C3ABAD004CD2FD /* URLRequest+AcceptType.swift in Sources */ = {isa = PBXBuildFile; fileRef = 4DE706A829C3ABAD004CD2FD /* URLRequest+AcceptType.swift */; };
/* End PBXBuildFile section */

/* Begin PBXFileReference section */
		4D7466DE29BF23FA00A51946 /* Social.app */ = {isa = PBXFileReference; explicitFileType = wrapper.application; includeInIndex = 0; path = Social.app; sourceTree = BUILT_PRODUCTS_DIR; };
		4D7466E129BF23FA00A51946 /* SocialApp.swift */ = {isa = PBXFileReference; lastKnownFileType = sourcecode.swift; path = SocialApp.swift; sourceTree = "<group>"; };
		4D7466E329BF23FA00A51946 /* LoginView.swift */ = {isa = PBXFileReference; lastKnownFileType = sourcecode.swift; path = LoginView.swift; sourceTree = "<group>"; };
		4D7466E529BF23FB00A51946 /* Assets.xcassets */ = {isa = PBXFileReference; lastKnownFileType = folder.assetcatalog; path = Assets.xcassets; sourceTree = "<group>"; };
		4D7466E829BF23FB00A51946 /* Preview Assets.xcassets */ = {isa = PBXFileReference; lastKnownFileType = folder.assetcatalog; path = "Preview Assets.xcassets"; sourceTree = "<group>"; };
		4D7466F629BF26E900A51946 /* LoginInformationView.swift */ = {isa = PBXFileReference; lastKnownFileType = sourcecode.swift; path = LoginInformationView.swift; sourceTree = "<group>"; };
		4D7466FA29BF279D00A51946 /* Colors.swift */ = {isa = PBXFileReference; fileEncoding = 4; lastKnownFileType = sourcecode.swift; path = Colors.swift; sourceTree = "<group>"; };
		4D9F85C829C1505F00EEA713 /* TabbarView.swift */ = {isa = PBXFileReference; lastKnownFileType = sourcecode.swift; path = TabbarView.swift; sourceTree = "<group>"; };
		4D9F85CB29C1B6C300EEA713 /* LoadingView.swift */ = {isa = PBXFileReference; lastKnownFileType = sourcecode.swift; path = LoadingView.swift; sourceTree = "<group>"; };
		4DAEA0AE29C107D700264BBF /* PostImagesView.swift */ = {isa = PBXFileReference; fileEncoding = 4; lastKnownFileType = sourcecode.swift; path = PostImagesView.swift; sourceTree = "<group>"; };
		4DAEA0B029C1083600264BBF /* PostCellView.swift */ = {isa = PBXFileReference; lastKnownFileType = sourcecode.swift; path = PostCellView.swift; sourceTree = "<group>"; };
		4DAEA0B329C10AD000264BBF /* PostsModel.swift */ = {isa = PBXFileReference; lastKnownFileType = sourcecode.swift; path = PostsModel.swift; sourceTree = "<group>"; };
		4DAEA0B929C12A5900264BBF /* PostsCoordinator.swift */ = {isa = PBXFileReference; lastKnownFileType = sourcecode.swift; path = PostsCoordinator.swift; sourceTree = "<group>"; };
		4DAEA0BB29C12A9400264BBF /* PostsViewModel.swift */ = {isa = PBXFileReference; lastKnownFileType = sourcecode.swift; path = PostsViewModel.swift; sourceTree = "<group>"; };
		4DAEA0BE29C13BE700264BBF /* TopNavigationView.swift */ = {isa = PBXFileReference; lastKnownFileType = sourcecode.swift; path = TopNavigationView.swift; sourceTree = "<group>"; };
		4DAEA0C029C1408300264BBF /* SearchTextField.swift */ = {isa = PBXFileReference; lastKnownFileType = sourcecode.swift; path = SearchTextField.swift; sourceTree = "<group>"; };
		4DBE633B29BFAACB00A354A4 /* UsernameTextField.swift */ = {isa = PBXFileReference; lastKnownFileType = sourcecode.swift; path = UsernameTextField.swift; sourceTree = "<group>"; };
		4DBE634029BFAB2400A354A4 /* PasswordTextField.swift */ = {isa = PBXFileReference; lastKnownFileType = sourcecode.swift; path = PasswordTextField.swift; sourceTree = "<group>"; };
		4DBE634329BFB21F00A354A4 /* MainButtons.swift */ = {isa = PBXFileReference; lastKnownFileType = sourcecode.swift; path = MainButtons.swift; sourceTree = "<group>"; };
		4DBE634629BFBCF900A354A4 /* LoginViewModel.swift */ = {isa = PBXFileReference; lastKnownFileType = sourcecode.swift; path = LoginViewModel.swift; sourceTree = "<group>"; };
		4DBE634B29BFC9F000A354A4 /* PostUserInformationView.swift */ = {isa = PBXFileReference; lastKnownFileType = sourcecode.swift; path = PostUserInformationView.swift; sourceTree = "<group>"; };
		4DBE634E29BFCE3B00A354A4 /* Alert.swift */ = {isa = PBXFileReference; lastKnownFileType = sourcecode.swift; path = Alert.swift; sourceTree = "<group>"; };
		4DBE635929BFD58800A354A4 /* LoginCoordinator.swift */ = {isa = PBXFileReference; lastKnownFileType = sourcecode.swift; path = LoginCoordinator.swift; sourceTree = "<group>"; };
		4DBE636929BFE6BA00A354A4 /* UserModel.swift */ = {isa = PBXFileReference; lastKnownFileType = sourcecode.swift; path = UserModel.swift; sourceTree = "<group>"; };
		4DBE637329C0634200A354A4 /* Publisher+Utils.swift */ = {isa = PBXFileReference; fileEncoding = 4; lastKnownFileType = sourcecode.swift; path = "Publisher+Utils.swift"; sourceTree = "<group>"; };
		4DBE63AE29C06DD300A354A4 /* PlenyRouter.swift */ = {isa = PBXFileReference; fileEncoding = 4; lastKnownFileType = sourcecode.swift; path = PlenyRouter.swift; sourceTree = "<group>"; };
		4DBE63AF29C06DD300A354A4 /* Route.swift */ = {isa = PBXFileReference; fileEncoding = 4; lastKnownFileType = sourcecode.swift; path = Route.swift; sourceTree = "<group>"; };
		4DBE63B229C06EF300A354A4 /* PlenyParameterKeys.swift */ = {isa = PBXFileReference; fileEncoding = 4; lastKnownFileType = sourcecode.swift; path = PlenyParameterKeys.swift; sourceTree = "<group>"; };
		4DBE63B329C06EF300A354A4 /* PlenyServerPath.swift */ = {isa = PBXFileReference; fileEncoding = 4; lastKnownFileType = sourcecode.swift; path = PlenyServerPath.swift; sourceTree = "<group>"; };
		4DE7067D29C3AA96004CD2FD /* Global Models.swift */ = {isa = PBXFileReference; fileEncoding = 4; lastKnownFileType = sourcecode.swift; path = "Global Models.swift"; sourceTree = "<group>"; };
		4DE7068029C3AAAA004CD2FD /* Data+String.swift */ = {isa = PBXFileReference; fileEncoding = 4; lastKnownFileType = sourcecode.swift; path = "Data+String.swift"; sourceTree = "<group>"; };
		4DE7068129C3AAAA004CD2FD /* MimeType.swift */ = {isa = PBXFileReference; fileEncoding = 4; lastKnownFileType = sourcecode.swift; path = MimeType.swift; sourceTree = "<group>"; };
		4DE7068229C3AAAA004CD2FD /* NSMutableData+String.swift */ = {isa = PBXFileReference; fileEncoding = 4; lastKnownFileType = sourcecode.swift; path = "NSMutableData+String.swift"; sourceTree = "<group>"; };
		4DE7068329C3AAAA004CD2FD /* DataField.swift */ = {isa = PBXFileReference; fileEncoding = 4; lastKnownFileType = sourcecode.swift; path = DataField.swift; sourceTree = "<group>"; };
		4DE7068929C3AABA004CD2FD /* Parameters.swift */ = {isa = PBXFileReference; fileEncoding = 4; lastKnownFileType = sourcecode.swift; path = Parameters.swift; sourceTree = "<group>"; };
		4DE7068D29C3AAE0004CD2FD /* ResponseCompletion.swift */ = {isa = PBXFileReference; fileEncoding = 4; lastKnownFileType = sourcecode.swift; path = ResponseCompletion.swift; sourceTree = "<group>"; };
		4DE7069029C3AAED004CD2FD /* Service.swift */ = {isa = PBXFileReference; fileEncoding = 4; lastKnownFileType = sourcecode.swift; path = Service.swift; sourceTree = "<group>"; };
		4DE7069429C3AB11004CD2FD /* ResponseHandlerError.swift */ = {isa = PBXFileReference; fileEncoding = 4; lastKnownFileType = sourcecode.swift; path = ResponseHandlerError.swift; sourceTree = "<group>"; };
		4DE7069729C3AB21004CD2FD /* ResponseHandler.swift */ = {isa = PBXFileReference; fileEncoding = 4; lastKnownFileType = sourcecode.swift; path = ResponseHandler.swift; sourceTree = "<group>"; };
		4DE7069B29C3AB51004CD2FD /* ServerHTTPResponseError.swift */ = {isa = PBXFileReference; fileEncoding = 4; lastKnownFileType = sourcecode.swift; path = ServerHTTPResponseError.swift; sourceTree = "<group>"; };
		4DE7069C29C3AB51004CD2FD /* ClientHTTPResponseError.swift */ = {isa = PBXFileReference; fileEncoding = 4; lastKnownFileType = sourcecode.swift; path = ClientHTTPResponseError.swift; sourceTree = "<group>"; };
		4DE7069F29C3AB5C004CD2FD /* URLResponseHandler.swift */ = {isa = PBXFileReference; fileEncoding = 4; lastKnownFileType = sourcecode.swift; path = URLResponseHandler.swift; sourceTree = "<group>"; };
		4DE706A329C3ABAD004CD2FD /* URLRequest+Authorization.swift */ = {isa = PBXFileReference; fileEncoding = 4; lastKnownFileType = sourcecode.swift; path = "URLRequest+Authorization.swift"; sourceTree = "<group>"; };
		4DE706A429C3ABAD004CD2FD /* URLRequest+HTTPMethod.swift */ = {isa = PBXFileReference; fileEncoding = 4; lastKnownFileType = sourcecode.swift; path = "URLRequest+HTTPMethod.swift"; sourceTree = "<group>"; };
		4DE706A529C3ABAD004CD2FD /* URLRequest+Query.swift */ = {isa = PBXFileReference; fileEncoding = 4; lastKnownFileType = sourcecode.swift; path = "URLRequest+Query.swift"; sourceTree = "<group>"; };
		4DE706A629C3ABAD004CD2FD /* URLRequest+ContentType.swift */ = {isa = PBXFileReference; fileEncoding = 4; lastKnownFileType = sourcecode.swift; path = "URLRequest+ContentType.swift"; sourceTree = "<group>"; };
		4DE706A729C3ABAD004CD2FD /* URLRequest+Body.swift */ = {isa = PBXFileReference; fileEncoding = 4; lastKnownFileType = sourcecode.swift; path = "URLRequest+Body.swift"; sourceTree = "<group>"; };
		4DE706A829C3ABAD004CD2FD /* URLRequest+AcceptType.swift */ = {isa = PBXFileReference; fileEncoding = 4; lastKnownFileType = sourcecode.swift; path = "URLRequest+AcceptType.swift"; sourceTree = "<group>"; };
/* End PBXFileReference section */

/* Begin PBXFrameworksBuildPhase section */
		4D7466DB29BF23FA00A51946 /* Frameworks */ = {
			isa = PBXFrameworksBuildPhase;
			buildActionMask = 2147483647;
			files = (
			);
			runOnlyForDeploymentPostprocessing = 0;
		};
/* End PBXFrameworksBuildPhase section */

/* Begin PBXGroup section */
		4D7466D529BF23FA00A51946 = {
			isa = PBXGroup;
			children = (
				4D7466E029BF23FA00A51946 /* Social */,
				4D7466DF29BF23FA00A51946 /* Products */,
			);
			sourceTree = "<group>";
		};
		4D7466DF29BF23FA00A51946 /* Products */ = {
			isa = PBXGroup;
			children = (
				4D7466DE29BF23FA00A51946 /* Social.app */,
			);
			name = Products;
			sourceTree = "<group>";
		};
		4D7466E029BF23FA00A51946 /* Social */ = {
			isa = PBXGroup;
			children = (
				4D7466E129BF23FA00A51946 /* SocialApp.swift */,
				4DE7067B29C3AA6A004CD2FD /* Networking */,
				4DBE63AD29C06DD300A354A4 /* NetworkRoute */,
				4DBE633D29BFAAEC00A354A4 /* ReusableViews */,
				4D7466F929BF278A00A51946 /* Theme */,
				4D7466EF29BF264900A51946 /* Modules */,
				4DBE634D29BFCE2900A354A4 /* Extensions */,
				4D7466E729BF23FB00A51946 /* Preview Content */,
			);
			path = Social;
			sourceTree = "<group>";
		};
		4D7466E729BF23FB00A51946 /* Preview Content */ = {
			isa = PBXGroup;
			children = (
				4D7466E829BF23FB00A51946 /* Preview Assets.xcassets */,
			);
			path = "Preview Content";
			sourceTree = "<group>";
		};
		4D7466EF29BF264900A51946 /* Modules */ = {
			isa = PBXGroup;
			children = (
				4D9F85C729C1505700EEA713 /* Tabbar */,
				4D7466F029BF26BD00A51946 /* Login */,
				4DBE634829BFC8EB00A354A4 /* Home */,
			);
			path = Modules;
			sourceTree = "<group>";
		};
		4D7466F029BF26BD00A51946 /* Login */ = {
			isa = PBXGroup;
			children = (
				4DAEA0B529C10C4500264BBF /* Model */,
				4D7466F129BF26C400A51946 /* Views */,
				4DAEA0B629C10C5600264BBF /* ViewModel */,
				4DBE635929BFD58800A354A4 /* LoginCoordinator.swift */,
			);
			path = Login;
			sourceTree = "<group>";
		};
		4D7466F129BF26C400A51946 /* Views */ = {
			isa = PBXGroup;
			children = (
				4D7466F629BF26E900A51946 /* LoginInformationView.swift */,
				4D7466E329BF23FA00A51946 /* LoginView.swift */,
			);
			path = Views;
			sourceTree = "<group>";
		};
		4D7466F929BF278A00A51946 /* Theme */ = {
			isa = PBXGroup;
			children = (
				4D7466E529BF23FB00A51946 /* Assets.xcassets */,
				4D7466FA29BF279D00A51946 /* Colors.swift */,
			);
			path = Theme;
			sourceTree = "<group>";
		};
		4D9F85C729C1505700EEA713 /* Tabbar */ = {
			isa = PBXGroup;
			children = (
				4D9F85C829C1505F00EEA713 /* TabbarView.swift */,
			);
			path = Tabbar;
			sourceTree = "<group>";
		};
		4DAEA0B229C10AC000264BBF /* Model */ = {
			isa = PBXGroup;
			children = (
				4DAEA0B329C10AD000264BBF /* PostsModel.swift */,
			);
			path = Model;
			sourceTree = "<group>";
		};
		4DAEA0B529C10C4500264BBF /* Model */ = {
			isa = PBXGroup;
			children = (
				4DBE636929BFE6BA00A354A4 /* UserModel.swift */,
			);
			path = Model;
			sourceTree = "<group>";
		};
		4DAEA0B629C10C5600264BBF /* ViewModel */ = {
			isa = PBXGroup;
			children = (
				4DBE634629BFBCF900A354A4 /* LoginViewModel.swift */,
			);
			path = ViewModel;
			sourceTree = "<group>";
		};
		4DAEA0B729C10C6B00264BBF /* ViewModel */ = {
			isa = PBXGroup;
			children = (
				4DAEA0BB29C12A9400264BBF /* PostsViewModel.swift */,
			);
			path = ViewModel;
			sourceTree = "<group>";
		};
		4DAEA0BD29C13BD200264BBF /* View */ = {
			isa = PBXGroup;
			children = (
				4DAEA0BE29C13BE700264BBF /* TopNavigationView.swift */,
				4D9F85CB29C1B6C300EEA713 /* LoadingView.swift */,
			);
			path = View;
			sourceTree = "<group>";
		};
		4DBE633D29BFAAEC00A354A4 /* ReusableViews */ = {
			isa = PBXGroup;
			children = (
				4DAEA0BD29C13BD200264BBF /* View */,
				4DBE635029BFCE5400A354A4 /* Alert */,
				4DBE634229BFB21000A354A4 /* Buttons */,
				4DBE633E29BFAAF400A354A4 /* TextFaild */,
			);
			path = ReusableViews;
			sourceTree = "<group>";
		};
		4DBE633E29BFAAF400A354A4 /* TextFaild */ = {
			isa = PBXGroup;
			children = (
				4DBE633B29BFAACB00A354A4 /* UsernameTextField.swift */,
				4DAEA0C029C1408300264BBF /* SearchTextField.swift */,
				4DBE634029BFAB2400A354A4 /* PasswordTextField.swift */,
			);
			path = TextFaild;
			sourceTree = "<group>";
		};
		4DBE634229BFB21000A354A4 /* Buttons */ = {
			isa = PBXGroup;
			children = (
				4DBE634329BFB21F00A354A4 /* MainButtons.swift */,
			);
			path = Buttons;
			sourceTree = "<group>";
		};
		4DBE634829BFC8EB00A354A4 /* Home */ = {
			isa = PBXGroup;
			children = (
				4DAEA0B729C10C6B00264BBF /* ViewModel */,
				4DAEA0B229C10AC000264BBF /* Model */,
				4DBE634929BFC90A00A354A4 /* Views */,
				4DAEA0B929C12A5900264BBF /* PostsCoordinator.swift */,
			);
			path = Home;
			sourceTree = "<group>";
		};
		4DBE634929BFC90A00A354A4 /* Views */ = {
			isa = PBXGroup;
			children = (
				4DBE634B29BFC9F000A354A4 /* PostUserInformationView.swift */,
				4DAEA0AE29C107D700264BBF /* PostImagesView.swift */,
				4DAEA0B029C1083600264BBF /* PostCellView.swift */,
			);
			path = Views;
			sourceTree = "<group>";
		};
		4DBE634D29BFCE2900A354A4 /* Extensions */ = {
			isa = PBXGroup;
			children = (
				4DBE637329C0634200A354A4 /* Publisher+Utils.swift */,
			);
			path = Extensions;
			sourceTree = "<group>";
		};
		4DBE635029BFCE5400A354A4 /* Alert */ = {
			isa = PBXGroup;
			children = (
				4DBE634E29BFCE3B00A354A4 /* Alert.swift */,
			);
			path = Alert;
			sourceTree = "<group>";
		};
		4DBE63AD29C06DD300A354A4 /* NetworkRoute */ = {
			isa = PBXGroup;
			children = (
				4DBE63B229C06EF300A354A4 /* PlenyParameterKeys.swift */,
				4DBE63B329C06EF300A354A4 /* PlenyServerPath.swift */,
				4DBE63AE29C06DD300A354A4 /* PlenyRouter.swift */,
				4DBE63AF29C06DD300A354A4 /* Route.swift */,
			);
			path = NetworkRoute;
			sourceTree = "<group>";
		};
		4DE7067B29C3AA6A004CD2FD /* Networking */ = {
			isa = PBXGroup;
			children = (
				4DE7068C29C3AAD8004CD2FD /* Service */,
				4DE7068829C3AAB1004CD2FD /* Parameters */,
				4DE7067F29C3AAA3004CD2FD /* Multipart */,
				4DE7067C29C3AA74004CD2FD /* Global Models */,
			);
			path = Networking;
			sourceTree = "<group>";
		};
		4DE7067C29C3AA74004CD2FD /* Global Models */ = {
			isa = PBXGroup;
			children = (
				4DE7067D29C3AA96004CD2FD /* Global Models.swift */,
			);
			path = "Global Models";
			sourceTree = "<group>";
		};
		4DE7067F29C3AAA3004CD2FD /* Multipart */ = {
			isa = PBXGroup;
			children = (
				4DE7068029C3AAAA004CD2FD /* Data+String.swift */,
				4DE7068329C3AAAA004CD2FD /* DataField.swift */,
				4DE7068129C3AAAA004CD2FD /* MimeType.swift */,
				4DE7068229C3AAAA004CD2FD /* NSMutableData+String.swift */,
			);
			path = Multipart;
			sourceTree = "<group>";
		};
		4DE7068829C3AAB1004CD2FD /* Parameters */ = {
			isa = PBXGroup;
			children = (
				4DE7068929C3AABA004CD2FD /* Parameters.swift */,
			);
			path = Parameters;
			sourceTree = "<group>";
		};
		4DE7068C29C3AAD8004CD2FD /* Service */ = {
			isa = PBXGroup;
			children = (
				4DE7068D29C3AAE0004CD2FD /* ResponseCompletion.swift */,
				4DE706A229C3ABA6004CD2FD /* URLRequest */,
				4DE7069929C3AB3D004CD2FD /* URLResponseHandler */,
				4DE7069229C3AAF5004CD2FD /* ResponseHandler */,
				4DE7068F29C3AAE6004CD2FD /* Main */,
			);
			path = Service;
			sourceTree = "<group>";
		};
		4DE7068F29C3AAE6004CD2FD /* Main */ = {
			isa = PBXGroup;
			children = (
				4DE7069029C3AAED004CD2FD /* Service.swift */,
			);
			path = Main;
			sourceTree = "<group>";
		};
		4DE7069229C3AAF5004CD2FD /* ResponseHandler */ = {
			isa = PBXGroup;
			children = (
				4DE7069629C3AB14004CD2FD /* Main */,
				4DE7069329C3AB01004CD2FD /* Errors */,
			);
			path = ResponseHandler;
			sourceTree = "<group>";
		};
		4DE7069329C3AB01004CD2FD /* Errors */ = {
			isa = PBXGroup;
			children = (
				4DE7069429C3AB11004CD2FD /* ResponseHandlerError.swift */,
			);
			path = Errors;
			sourceTree = "<group>";
		};
		4DE7069629C3AB14004CD2FD /* Main */ = {
			isa = PBXGroup;
			children = (
				4DE7069729C3AB21004CD2FD /* ResponseHandler.swift */,
			);
			path = Main;
			sourceTree = "<group>";
		};
		4DE7069929C3AB3D004CD2FD /* URLResponseHandler */ = {
			isa = PBXGroup;
			children = (
				4DE706A129C3AB60004CD2FD /* Main */,
				4DE7069A29C3AB49004CD2FD /* Errors */,
			);
			path = URLResponseHandler;
			sourceTree = "<group>";
		};
		4DE7069A29C3AB49004CD2FD /* Errors */ = {
			isa = PBXGroup;
			children = (
				4DE7069C29C3AB51004CD2FD /* ClientHTTPResponseError.swift */,
				4DE7069B29C3AB51004CD2FD /* ServerHTTPResponseError.swift */,
			);
			path = Errors;
			sourceTree = "<group>";
		};
		4DE706A129C3AB60004CD2FD /* Main */ = {
			isa = PBXGroup;
			children = (
				4DE7069F29C3AB5C004CD2FD /* URLResponseHandler.swift */,
			);
			path = Main;
			sourceTree = "<group>";
		};
		4DE706A229C3ABA6004CD2FD /* URLRequest */ = {
			isa = PBXGroup;
			children = (
				4DE706A829C3ABAD004CD2FD /* URLRequest+AcceptType.swift */,
				4DE706A329C3ABAD004CD2FD /* URLRequest+Authorization.swift */,
				4DE706A729C3ABAD004CD2FD /* URLRequest+Body.swift */,
				4DE706A629C3ABAD004CD2FD /* URLRequest+ContentType.swift */,
				4DE706A429C3ABAD004CD2FD /* URLRequest+HTTPMethod.swift */,
				4DE706A529C3ABAD004CD2FD /* URLRequest+Query.swift */,
			);
			path = URLRequest;
			sourceTree = "<group>";
		};
/* End PBXGroup section */

/* Begin PBXNativeTarget section */
		4D7466DD29BF23FA00A51946 /* Social */ = {
			isa = PBXNativeTarget;
			buildConfigurationList = 4D7466EC29BF23FB00A51946 /* Build configuration list for PBXNativeTarget "Social" */;
			buildPhases = (
				4D7466DA29BF23FA00A51946 /* Sources */,
				4D7466DB29BF23FA00A51946 /* Frameworks */,
				4D7466DC29BF23FA00A51946 /* Resources */,
			);
			buildRules = (
			);
			dependencies = (
			);
			name = Social;
			packageProductDependencies = (
			);
			productName = Social;
			productReference = 4D7466DE29BF23FA00A51946 /* Social.app */;
			productType = "com.apple.product-type.application";
		};
/* End PBXNativeTarget section */

/* Begin PBXProject section */
		4D7466D629BF23FA00A51946 /* Project object */ = {
			isa = PBXProject;
			attributes = {
				BuildIndependentTargetsInParallel = 1;
				LastSwiftUpdateCheck = 1420;
				LastUpgradeCheck = 1420;
				TargetAttributes = {
					4D7466DD29BF23FA00A51946 = {
						CreatedOnToolsVersion = 14.2;
					};
				};
			};
			buildConfigurationList = 4D7466D929BF23FA00A51946 /* Build configuration list for PBXProject "Social" */;
			compatibilityVersion = "Xcode 14.0";
			developmentRegion = en;
			hasScannedForEncodings = 0;
			knownRegions = (
				en,
				Base,
			);
			mainGroup = 4D7466D529BF23FA00A51946;
			packageReferences = (
			);
			productRefGroup = 4D7466DF29BF23FA00A51946 /* Products */;
			projectDirPath = "";
			projectRoot = "";
			targets = (
				4D7466DD29BF23FA00A51946 /* Social */,
			);
		};
/* End PBXProject section */

/* Begin PBXResourcesBuildPhase section */
		4D7466DC29BF23FA00A51946 /* Resources */ = {
			isa = PBXResourcesBuildPhase;
			buildActionMask = 2147483647;
			files = (
				4D7466E929BF23FB00A51946 /* Preview Assets.xcassets in Resources */,
				4D7466E629BF23FB00A51946 /* Assets.xcassets in Resources */,
			);
			runOnlyForDeploymentPostprocessing = 0;
		};
/* End PBXResourcesBuildPhase section */

/* Begin PBXSourcesBuildPhase section */
		4D7466DA29BF23FA00A51946 /* Sources */ = {
			isa = PBXSourcesBuildPhase;
			buildActionMask = 2147483647;
			files = (
				4DBE633C29BFAACB00A354A4 /* UsernameTextField.swift in Sources */,
				4D9F85C929C1505F00EEA713 /* TabbarView.swift in Sources */,
				4DBE635A29BFD58800A354A4 /* LoginCoordinator.swift in Sources */,
				4DBE637429C0634200A354A4 /* Publisher+Utils.swift in Sources */,
				4DBE634129BFAB2400A354A4 /* PasswordTextField.swift in Sources */,
				4DAEA0BA29C12A5900264BBF /* PostsCoordinator.swift in Sources */,
				4D9F85CC29C1B6C300EEA713 /* LoadingView.swift in Sources */,
				4D7466E429BF23FA00A51946 /* LoginView.swift in Sources */,
				4DE7068429C3AAAA004CD2FD /* Data+String.swift in Sources */,
				4DBE63B529C06EF300A354A4 /* PlenyServerPath.swift in Sources */,
				4DE706AA29C3ABAD004CD2FD /* URLRequest+HTTPMethod.swift in Sources */,
				4DBE63B129C06DD300A354A4 /* Route.swift in Sources */,
				4DE7069129C3AAED004CD2FD /* Service.swift in Sources */,
				4DE706AD29C3ABAD004CD2FD /* URLRequest+Body.swift in Sources */,
				4DE7069529C3AB11004CD2FD /* ResponseHandlerError.swift in Sources */,
				4DAEA0B429C10AD000264BBF /* PostsModel.swift in Sources */,
				4DAEA0AF29C107D700264BBF /* PostImagesView.swift in Sources */,
				4DE706AB29C3ABAD004CD2FD /* URLRequest+Query.swift in Sources */,
				4DE7069D29C3AB51004CD2FD /* ServerHTTPResponseError.swift in Sources */,
				4DBE634429BFB21F00A354A4 /* MainButtons.swift in Sources */,
				4DE706A929C3ABAD004CD2FD /* URLRequest+Authorization.swift in Sources */,
				4DE7068529C3AAAA004CD2FD /* MimeType.swift in Sources */,
				4DAEA0C129C1408300264BBF /* SearchTextField.swift in Sources */,
				4DBE63B029C06DD300A354A4 /* PlenyRouter.swift in Sources */,
				4DE706A029C3AB5C004CD2FD /* URLResponseHandler.swift in Sources */,
				4DBE63B429C06EF300A354A4 /* PlenyParameterKeys.swift in Sources */,
				4DBE634729BFBCF900A354A4 /* LoginViewModel.swift in Sources */,
				4DE7067E29C3AA96004CD2FD /* Global Models.swift in Sources */,
				4DBE634F29BFCE3B00A354A4 /* Alert.swift in Sources */,
				4D7466FB29BF279D00A51946 /* Colors.swift in Sources */,
				4DE706AE29C3ABAD004CD2FD /* URLRequest+AcceptType.swift in Sources */,
				4DE7068629C3AAAA004CD2FD /* NSMutableData+String.swift in Sources */,
				4DBE636A29BFE6BA00A354A4 /* UserModel.swift in Sources */,
				4DE7068E29C3AAE0004CD2FD /* ResponseCompletion.swift in Sources */,
				4D7466F729BF26E900A51946 /* LoginInformationView.swift in Sources */,
				4DE7068729C3AAAA004CD2FD /* DataField.swift in Sources */,
				4DE7069829C3AB21004CD2FD /* ResponseHandler.swift in Sources */,
				4DAEA0BF29C13BE700264BBF /* TopNavigationView.swift in Sources */,
				4DE7069E29C3AB51004CD2FD /* ClientHTTPResponseError.swift in Sources */,
				4DBE634C29BFC9F000A354A4 /* PostUserInformationView.swift in Sources */,
				4DE706AC29C3ABAD004CD2FD /* URLRequest+ContentType.swift in Sources */,
				4D7466E229BF23FA00A51946 /* SocialApp.swift in Sources */,
				4DAEA0BC29C12A9400264BBF /* PostsViewModel.swift in Sources */,
				4DAEA0B129C1083600264BBF /* PostCellView.swift in Sources */,
				4DE7068A29C3AABA004CD2FD /* Parameters.swift in Sources */,
			);
			runOnlyForDeploymentPostprocessing = 0;
		};
/* End PBXSourcesBuildPhase section */

/* Begin XCBuildConfiguration section */
		4D7466EA29BF23FB00A51946 /* Debug */ = {
			isa = XCBuildConfiguration;
			buildSettings = {
				ALWAYS_SEARCH_USER_PATHS = NO;
				CLANG_ANALYZER_NONNULL = YES;
				CLANG_ANALYZER_NUMBER_OBJECT_CONVERSION = YES_AGGRESSIVE;
				CLANG_CXX_LANGUAGE_STANDARD = "gnu++20";
				CLANG_ENABLE_MODULES = YES;
				CLANG_ENABLE_OBJC_ARC = YES;
				CLANG_ENABLE_OBJC_WEAK = YES;
				CLANG_WARN_BLOCK_CAPTURE_AUTORELEASING = YES;
				CLANG_WARN_BOOL_CONVERSION = YES;
				CLANG_WARN_COMMA = YES;
				CLANG_WARN_CONSTANT_CONVERSION = YES;
				CLANG_WARN_DEPRECATED_OBJC_IMPLEMENTATIONS = YES;
				CLANG_WARN_DIRECT_OBJC_ISA_USAGE = YES_ERROR;
				CLANG_WARN_DOCUMENTATION_COMMENTS = YES;
				CLANG_WARN_EMPTY_BODY = YES;
				CLANG_WARN_ENUM_CONVERSION = YES;
				CLANG_WARN_INFINITE_RECURSION = YES;
				CLANG_WARN_INT_CONVERSION = YES;
				CLANG_WARN_NON_LITERAL_NULL_CONVERSION = YES;
				CLANG_WARN_OBJC_IMPLICIT_RETAIN_SELF = YES;
				CLANG_WARN_OBJC_LITERAL_CONVERSION = YES;
				CLANG_WARN_OBJC_ROOT_CLASS = YES_ERROR;
				CLANG_WARN_QUOTED_INCLUDE_IN_FRAMEWORK_HEADER = YES;
				CLANG_WARN_RANGE_LOOP_ANALYSIS = YES;
				CLANG_WARN_STRICT_PROTOTYPES = YES;
				CLANG_WARN_SUSPICIOUS_MOVE = YES;
				CLANG_WARN_UNGUARDED_AVAILABILITY = YES_AGGRESSIVE;
				CLANG_WARN_UNREACHABLE_CODE = YES;
				CLANG_WARN__DUPLICATE_METHOD_MATCH = YES;
				COPY_PHASE_STRIP = NO;
				DEBUG_INFORMATION_FORMAT = dwarf;
				ENABLE_STRICT_OBJC_MSGSEND = YES;
				ENABLE_TESTABILITY = YES;
				GCC_C_LANGUAGE_STANDARD = gnu11;
				GCC_DYNAMIC_NO_PIC = NO;
				GCC_NO_COMMON_BLOCKS = YES;
				GCC_OPTIMIZATION_LEVEL = 0;
				GCC_PREPROCESSOR_DEFINITIONS = (
					"DEBUG=1",
					"$(inherited)",
				);
				GCC_WARN_64_TO_32_BIT_CONVERSION = YES;
				GCC_WARN_ABOUT_RETURN_TYPE = YES_ERROR;
				GCC_WARN_UNDECLARED_SELECTOR = YES;
				GCC_WARN_UNINITIALIZED_AUTOS = YES_AGGRESSIVE;
				GCC_WARN_UNUSED_FUNCTION = YES;
				GCC_WARN_UNUSED_VARIABLE = YES;
				IPHONEOS_DEPLOYMENT_TARGET = 16.2;
				MTL_ENABLE_DEBUG_INFO = INCLUDE_SOURCE;
				MTL_FAST_MATH = YES;
				ONLY_ACTIVE_ARCH = YES;
				SDKROOT = iphoneos;
				SWIFT_ACTIVE_COMPILATION_CONDITIONS = DEBUG;
				SWIFT_OPTIMIZATION_LEVEL = "-Onone";
			};
			name = Debug;
		};
		4D7466EB29BF23FB00A51946 /* Release */ = {
			isa = XCBuildConfiguration;
			buildSettings = {
				ALWAYS_SEARCH_USER_PATHS = NO;
				CLANG_ANALYZER_NONNULL = YES;
				CLANG_ANALYZER_NUMBER_OBJECT_CONVERSION = YES_AGGRESSIVE;
				CLANG_CXX_LANGUAGE_STANDARD = "gnu++20";
				CLANG_ENABLE_MODULES = YES;
				CLANG_ENABLE_OBJC_ARC = YES;
				CLANG_ENABLE_OBJC_WEAK = YES;
				CLANG_WARN_BLOCK_CAPTURE_AUTORELEASING = YES;
				CLANG_WARN_BOOL_CONVERSION = YES;
				CLANG_WARN_COMMA = YES;
				CLANG_WARN_CONSTANT_CONVERSION = YES;
				CLANG_WARN_DEPRECATED_OBJC_IMPLEMENTATIONS = YES;
				CLANG_WARN_DIRECT_OBJC_ISA_USAGE = YES_ERROR;
				CLANG_WARN_DOCUMENTATION_COMMENTS = YES;
				CLANG_WARN_EMPTY_BODY = YES;
				CLANG_WARN_ENUM_CONVERSION = YES;
				CLANG_WARN_INFINITE_RECURSION = YES;
				CLANG_WARN_INT_CONVERSION = YES;
				CLANG_WARN_NON_LITERAL_NULL_CONVERSION = YES;
				CLANG_WARN_OBJC_IMPLICIT_RETAIN_SELF = YES;
				CLANG_WARN_OBJC_LITERAL_CONVERSION = YES;
				CLANG_WARN_OBJC_ROOT_CLASS = YES_ERROR;
				CLANG_WARN_QUOTED_INCLUDE_IN_FRAMEWORK_HEADER = YES;
				CLANG_WARN_RANGE_LOOP_ANALYSIS = YES;
				CLANG_WARN_STRICT_PROTOTYPES = YES;
				CLANG_WARN_SUSPICIOUS_MOVE = YES;
				CLANG_WARN_UNGUARDED_AVAILABILITY = YES_AGGRESSIVE;
				CLANG_WARN_UNREACHABLE_CODE = YES;
				CLANG_WARN__DUPLICATE_METHOD_MATCH = YES;
				COPY_PHASE_STRIP = NO;
				DEBUG_INFORMATION_FORMAT = "dwarf-with-dsym";
				ENABLE_NS_ASSERTIONS = NO;
				ENABLE_STRICT_OBJC_MSGSEND = YES;
				GCC_C_LANGUAGE_STANDARD = gnu11;
				GCC_NO_COMMON_BLOCKS = YES;
				GCC_WARN_64_TO_32_BIT_CONVERSION = YES;
				GCC_WARN_ABOUT_RETURN_TYPE = YES_ERROR;
				GCC_WARN_UNDECLARED_SELECTOR = YES;
				GCC_WARN_UNINITIALIZED_AUTOS = YES_AGGRESSIVE;
				GCC_WARN_UNUSED_FUNCTION = YES;
				GCC_WARN_UNUSED_VARIABLE = YES;
				IPHONEOS_DEPLOYMENT_TARGET = 16.2;
				MTL_ENABLE_DEBUG_INFO = NO;
				MTL_FAST_MATH = YES;
				SDKROOT = iphoneos;
				SWIFT_COMPILATION_MODE = wholemodule;
				SWIFT_OPTIMIZATION_LEVEL = "-O";
				VALIDATE_PRODUCT = YES;
			};
			name = Release;
		};
		4D7466ED29BF23FB00A51946 /* Debug */ = {
			isa = XCBuildConfiguration;
			buildSettings = {
				ASSETCATALOG_COMPILER_APPICON_NAME = AppIcon;
				ASSETCATALOG_COMPILER_GLOBAL_ACCENT_COLOR_NAME = AccentColor;
				CODE_SIGN_STYLE = Automatic;
				CURRENT_PROJECT_VERSION = 1;
				DEVELOPMENT_ASSET_PATHS = "\"Social/Preview Content\"";
				DEVELOPMENT_TEAM = JUV326K7BG;
				ENABLE_PREVIEWS = YES;
				GENERATE_INFOPLIST_FILE = YES;
				INFOPLIST_KEY_UIApplicationSceneManifest_Generation = YES;
				INFOPLIST_KEY_UIApplicationSupportsIndirectInputEvents = YES;
				INFOPLIST_KEY_UILaunchScreen_Generation = YES;
				INFOPLIST_KEY_UISupportedInterfaceOrientations = UIInterfaceOrientationPortrait;
				IPHONEOS_DEPLOYMENT_TARGET = 15.0;
				LD_RUNPATH_SEARCH_PATHS = (
					"$(inherited)",
					"@executable_path/Frameworks",
				);
				MARKETING_VERSION = 1.0;
				PRODUCT_BUNDLE_IDENTIFIER = "Abdullah-Tarek.Social";
				PRODUCT_NAME = "$(TARGET_NAME)";
				SUPPORTED_PLATFORMS = "iphoneos iphonesimulator";
				SUPPORTS_MACCATALYST = NO;
				SUPPORTS_MAC_DESIGNED_FOR_IPHONE_IPAD = YES;
				SWIFT_EMIT_LOC_STRINGS = YES;
				SWIFT_VERSION = 5.0;
				TARGETED_DEVICE_FAMILY = 1;
			};
			name = Debug;
		};
		4D7466EE29BF23FB00A51946 /* Release */ = {
			isa = XCBuildConfiguration;
			buildSettings = {
				ASSETCATALOG_COMPILER_APPICON_NAME = AppIcon;
				ASSETCATALOG_COMPILER_GLOBAL_ACCENT_COLOR_NAME = AccentColor;
				CODE_SIGN_STYLE = Automatic;
				CURRENT_PROJECT_VERSION = 1;
				DEVELOPMENT_ASSET_PATHS = "\"Social/Preview Content\"";
				DEVELOPMENT_TEAM = JUV326K7BG;
				ENABLE_PREVIEWS = YES;
				GENERATE_INFOPLIST_FILE = YES;
				INFOPLIST_KEY_UIApplicationSceneManifest_Generation = YES;
				INFOPLIST_KEY_UIApplicationSupportsIndirectInputEvents = YES;
				INFOPLIST_KEY_UILaunchScreen_Generation = YES;
				INFOPLIST_KEY_UISupportedInterfaceOrientations = UIInterfaceOrientationPortrait;
				IPHONEOS_DEPLOYMENT_TARGET = 15.0;
				LD_RUNPATH_SEARCH_PATHS = (
					"$(inherited)",
					"@executable_path/Frameworks",
				);
				MARKETING_VERSION = 1.0;
				PRODUCT_BUNDLE_IDENTIFIER = "Abdullah-Tarek.Social";
				PRODUCT_NAME = "$(TARGET_NAME)";
				SUPPORTED_PLATFORMS = "iphoneos iphonesimulator";
				SUPPORTS_MACCATALYST = NO;
				SUPPORTS_MAC_DESIGNED_FOR_IPHONE_IPAD = YES;
				SWIFT_EMIT_LOC_STRINGS = YES;
				SWIFT_VERSION = 5.0;
				TARGETED_DEVICE_FAMILY = 1;
			};
			name = Release;
		};
/* End XCBuildConfiguration section */

/* Begin XCConfigurationList section */
		4D7466D929BF23FA00A51946 /* Build configuration list for PBXProject "Social" */ = {
			isa = XCConfigurationList;
			buildConfigurations = (
				4D7466EA29BF23FB00A51946 /* Debug */,
				4D7466EB29BF23FB00A51946 /* Release */,
			);
			defaultConfigurationIsVisible = 0;
			defaultConfigurationName = Release;
		};
		4D7466EC29BF23FB00A51946 /* Build configuration list for PBXNativeTarget "Social" */ = {
			isa = XCConfigurationList;
			buildConfigurations = (
				4D7466ED29BF23FB00A51946 /* Debug */,
				4D7466EE29BF23FB00A51946 /* Release */,
			);
			defaultConfigurationIsVisible = 0;
			defaultConfigurationName = Release;
		};
/* End XCConfigurationList section */
	};
	rootObject = 4D7466D629BF23FA00A51946 /* Project object */;
}
